
Microsoft Visual Studio Solution File, Format Version 12.00
# Visual Studio Version 16
VisualStudioVersion = 16.0.30413.136
MinimumVisualStudioVersion = 10.0.40219.1
Project("{8BC9CEB8-8B4A-11D0-8D11-00A0C91BC942}") = "TicTacToe", "TicTacToe\TicTacToe.vcxproj", "{F2F49CA8-8C35-4D5F-BC12-6575C8D9A4D5}"
EndProject
Global
	GlobalSection(SolutionConfigurationPlatforms) = preSolution
		Debug|x64 = Debug|x64
		Debug|x86 = Debug|x86
		Release|x64 = Release|x64
		Release|x86 = Release|x86
	EndGlobalSection
	GlobalSection(ProjectConfigurationPlatforms) = postSolution
		{F2F49CA8-8C35-4D5F-BC12-6575C8D9A4D5}.Debug|x64.ActiveCfg = Debug|x64
		{F2F49CA8-8C35-4D5F-BC12-6575C8D9A4D5}.Debug|x64.Build.0 = Debug|x64
		{F2F49CA8-8C35-4D5F-BC12-6575C8D9A4D5}.Debug|x86.ActiveCfg = Debug|Win32
		{F2F49CA8-8C35-4D5F-BC12-6575C8D9A4D5}.Debug|x86.Build.0 = Debug|Win32
		{F2F49CA8-8C35-4D5F-BC12-6575C8D9A4D5}.Release|x64.ActiveCfg = Release|x64
		{F2F49CA8-8C35-4D5F-BC12-6575C8D9A4D5}.Release|x64.Build.0 = Release|x64
		{F2F49CA8-8C35-4D5F-BC12-6575C8D9A4D5}.Release|x86.ActiveCfg = Release|Win32
		{F2F49CA8-8C35-4D5F-BC12-6575C8D9A4D5}.Release|x86.Build.0 = Release|Win32
	EndGlobalSection
	GlobalSection(SolutionProperties) = preSolution
		HideSolutionNode = FALSE
	EndGlobalSection
	GlobalSection(ExtensibilityGlobals) = postSolution
		SolutionGuid = {E159EFC6-3660-4635-80DB-898FCB0AEB2D}
	EndGlobalSection
EndGlobal
